
Microsoft Visual Studio Solution File, Format Version 12.00
# Visual Studio Version 17
VisualStudioVersion = 17.14.36401.2 d17.14
MinimumVisualStudioVersion = 10.0.40219.1
Project("{FAE04EC0-301F-11D3-BF4B-00C04F79EFBC}") = "casman_WEBAPI", "casman_WEBAPI.csproj", "{9AC95ADA-050E-4040-9920-9538CAD8B385}"
EndProject
Global
	GlobalSection(SolutionConfigurationPlatforms) = preSolution
		Debug|Any CPU = Debug|Any CPU
		Release|Any CPU = Release|Any CPU
	EndGlobalSection
	GlobalSection(ProjectConfigurationPlatforms) = postSolution
		{9AC95ADA-050E-4040-9920-9538CAD8B385}.Debug|Any CPU.ActiveCfg = Debug|Any CPU
		{9AC95ADA-050E-4040-9920-9538CAD8B385}.Debug|Any CPU.Build.0 = Debug|Any CPU
		{9AC95ADA-050E-4040-9920-9538CAD8B385}.Release|Any CPU.ActiveCfg = Release|Any CPU
		{9AC95ADA-050E-4040-9920-9538CAD8B385}.Release|Any CPU.Build.0 = Release|Any CPU
	EndGlobalSection
	GlobalSection(SolutionProperties) = preSolution
		HideSolutionNode = FALSE
	EndGlobalSection
	GlobalSection(ExtensibilityGlobals) = postSolution
		SolutionGuid = {0D537FE5-6BDA-4FE9-B902-9B36402DF7FE}
	EndGlobalSection
EndGlobal
